// !$*UTF8*$!
{
	archiveVersion = 1;
	classes = {
	};
	objectVersion = 50;
	objects = {

/* Begin PBXBuildFile section */
		2ED56DAE6F9AB43D3DDAC9F4 /* libPods-BasicCoordTree.a in Frameworks */ = {isa = PBXBuildFile; fileRef = F033C1410CC52CD46F0972CD /* libPods-BasicCoordTree.a */; };
		82EB39DF23CB106700B45A0C /* AppDelegate.swift in Sources */ = {isa = PBXBuildFile; fileRef = 82EB39DE23CB106700B45A0C /* AppDelegate.swift */; };
		82EB39E423CB106700B45A0C /* Main.storyboard in Resources */ = {isa = PBXBuildFile; fileRef = 82EB39E223CB106700B45A0C /* Main.storyboard */; };
		82EB39E623CB106900B45A0C /* Assets.xcassets in Resources */ = {isa = PBXBuildFile; fileRef = 82EB39E523CB106900B45A0C /* Assets.xcassets */; };
		82EB39E923CB106900B45A0C /* LaunchScreen.storyboard in Resources */ = {isa = PBXBuildFile; fileRef = 82EB39E723CB106900B45A0C /* LaunchScreen.storyboard */; };
		82EB39F123CB10AA00B45A0C /* BasicCoordinator.swift in Sources */ = {isa = PBXBuildFile; fileRef = 82EB39F023CB10AA00B45A0C /* BasicCoordinator.swift */; };
		FA7BD3EB23D0A77800618E79 /* StartIsInitCoordinator.swift in Sources */ = {isa = PBXBuildFile; fileRef = FA7BD3EA23D0A77800618E79 /* StartIsInitCoordinator.swift */; };
		FA7BD3ED23D0A78400618E79 /* ReusedStuff.swift in Sources */ = {isa = PBXBuildFile; fileRef = FA7BD3EC23D0A78400618E79 /* ReusedStuff.swift */; };
/* End PBXBuildFile section */

/* Begin PBXFileReference section */
		82EB39DB23CB106700B45A0C /* BasicCoordTree.app */ = {isa = PBXFileReference; explicitFileType = wrapper.application; includeInIndex = 0; path = BasicCoordTree.app; sourceTree = BUILT_PRODUCTS_DIR; };
		82EB39DE23CB106700B45A0C /* AppDelegate.swift */ = {isa = PBXFileReference; lastKnownFileType = sourcecode.swift; path = AppDelegate.swift; sourceTree = "<group>"; };
		82EB39E323CB106700B45A0C /* Base */ = {isa = PBXFileReference; lastKnownFileType = file.storyboard; name = Base; path = Base.lproj/Main.storyboard; sourceTree = "<group>"; };
		82EB39E523CB106900B45A0C /* Assets.xcassets */ = {isa = PBXFileReference; lastKnownFileType = folder.assetcatalog; path = Assets.xcassets; sourceTree = "<group>"; };
		82EB39E823CB106900B45A0C /* Base */ = {isa = PBXFileReference; lastKnownFileType = file.storyboard; name = Base; path = Base.lproj/LaunchScreen.storyboard; sourceTree = "<group>"; };
		82EB39EA23CB106900B45A0C /* Info.plist */ = {isa = PBXFileReference; lastKnownFileType = text.plist.xml; path = Info.plist; sourceTree = "<group>"; };
		82EB39F023CB10AA00B45A0C /* BasicCoordinator.swift */ = {isa = PBXFileReference; lastKnownFileType = sourcecode.swift; path = BasicCoordinator.swift; sourceTree = "<group>"; };
		C26C9B868D6D530C0FDD0C63 /* Pods-BasicCoordTree.release.xcconfig */ = {isa = PBXFileReference; includeInIndex = 1; lastKnownFileType = text.xcconfig; name = "Pods-BasicCoordTree.release.xcconfig"; path = "Target Support Files/Pods-BasicCoordTree/Pods-BasicCoordTree.release.xcconfig"; sourceTree = "<group>"; };
		CD2466EF1542B344742028C0 /* Pods-BasicCoordTree.debug.xcconfig */ = {isa = PBXFileReference; includeInIndex = 1; lastKnownFileType = text.xcconfig; name = "Pods-BasicCoordTree.debug.xcconfig"; path = "Target Support Files/Pods-BasicCoordTree/Pods-BasicCoordTree.debug.xcconfig"; sourceTree = "<group>"; };
		F033C1410CC52CD46F0972CD /* libPods-BasicCoordTree.a */ = {isa = PBXFileReference; explicitFileType = archive.ar; includeInIndex = 0; path = "libPods-BasicCoordTree.a"; sourceTree = BUILT_PRODUCTS_DIR; };
		FA7BD3EA23D0A77800618E79 /* StartIsInitCoordinator.swift */ = {isa = PBXFileReference; lastKnownFileType = sourcecode.swift; path = StartIsInitCoordinator.swift; sourceTree = "<group>"; };
		FA7BD3EC23D0A78400618E79 /* ReusedStuff.swift */ = {isa = PBXFileReference; lastKnownFileType = sourcecode.swift; path = ReusedStuff.swift; sourceTree = "<group>"; };
/* End PBXFileReference section */

/* Begin PBXFrameworksBuildPhase section */
		82EB39D823CB106600B45A0C /* Frameworks */ = {
			isa = PBXFrameworksBuildPhase;
			buildActionMask = 2147483647;
			files = (
				2ED56DAE6F9AB43D3DDAC9F4 /* libPods-BasicCoordTree.a in Frameworks */,
			);
			runOnlyForDeploymentPostprocessing = 0;
		};
/* End PBXFrameworksBuildPhase section */

/* Begin PBXGroup section */
		1BDA39530828252DB6A3AAA5 /* Frameworks */ = {
			isa = PBXGroup;
			children = (
				F033C1410CC52CD46F0972CD /* libPods-BasicCoordTree.a */,
			);
			name = Frameworks;
			sourceTree = "<group>";
		};
		82EB39D223CB106600B45A0C = {
			isa = PBXGroup;
			children = (
				82EB39DD23CB106700B45A0C /* BasicCoordTree */,
				82EB39DC23CB106700B45A0C /* Products */,
				B7790757BFA9EDF379589F7E /* Pods */,
				1BDA39530828252DB6A3AAA5 /* Frameworks */,
			);
			sourceTree = "<group>";
		};
		82EB39DC23CB106700B45A0C /* Products */ = {
			isa = PBXGroup;
			children = (
				82EB39DB23CB106700B45A0C /* BasicCoordTree.app */,
			);
			name = Products;
			sourceTree = "<group>";
		};
		82EB39DD23CB106700B45A0C /* BasicCoordTree */ = {
			isa = PBXGroup;
			children = (
				82EB39DE23CB106700B45A0C /* AppDelegate.swift */,
				82EB39E223CB106700B45A0C /* Main.storyboard */,
				82EB39E523CB106900B45A0C /* Assets.xcassets */,
				82EB39E723CB106900B45A0C /* LaunchScreen.storyboard */,
				82EB39EA23CB106900B45A0C /* Info.plist */,
				82EB39F023CB10AA00B45A0C /* BasicCoordinator.swift */,
				FA7BD3EA23D0A77800618E79 /* StartIsInitCoordinator.swift */,
				FA7BD3EC23D0A78400618E79 /* ReusedStuff.swift */,
			);
			path = BasicCoordTree;
			sourceTree = "<group>";
		};
		B7790757BFA9EDF379589F7E /* Pods */ = {
			isa = PBXGroup;
			children = (
				CD2466EF1542B344742028C0 /* Pods-BasicCoordTree.debug.xcconfig */,
				C26C9B868D6D530C0FDD0C63 /* Pods-BasicCoordTree.release.xcconfig */,
			);
			path = Pods;
			sourceTree = "<group>";
		};
/* End PBXGroup section */

/* Begin PBXNativeTarget section */
		82EB39DA23CB106600B45A0C /* BasicCoordTree */ = {
			isa = PBXNativeTarget;
			buildConfigurationList = 82EB39ED23CB106900B45A0C /* Build configuration list for PBXNativeTarget "BasicCoordTree" */;
			buildPhases = (
				1A59B26936B3FB296BC2A299 /* [CP] Check Pods Manifest.lock */,
				82EB39D723CB106600B45A0C /* Sources */,
				82EB39D823CB106600B45A0C /* Frameworks */,
				82EB39D923CB106600B45A0C /* Resources */,
			);
			buildRules = (
			);
			dependencies = (
			);
			name = BasicCoordTree;
			productName = BasicCoordTree;
			productReference = 82EB39DB23CB106700B45A0C /* BasicCoordTree.app */;
			productType = "com.apple.product-type.application";
		};
/* End PBXNativeTarget section */

/* Begin PBXProject section */
		82EB39D323CB106600B45A0C /* Project object */ = {
			isa = PBXProject;
			attributes = {
				LastSwiftUpdateCheck = 1010;
				LastUpgradeCheck = 1010;
				ORGANIZATIONNAME = "Caroline Weisberg";
				TargetAttributes = {
					82EB39DA23CB106600B45A0C = {
						CreatedOnToolsVersion = 10.1;
					};
				};
			};
			buildConfigurationList = 82EB39D623CB106600B45A0C /* Build configuration list for PBXProject "BasicCoordTree" */;
			compatibilityVersion = "Xcode 9.3";
			developmentRegion = en;
			hasScannedForEncodings = 0;
			knownRegions = (
				en,
				Base,
			);
			mainGroup = 82EB39D223CB106600B45A0C;
			productRefGroup = 82EB39DC23CB106700B45A0C /* Products */;
			projectDirPath = "";
			projectRoot = "";
			targets = (
				82EB39DA23CB106600B45A0C /* BasicCoordTree */,
			);
		};
/* End PBXProject section */

/* Begin PBXResourcesBuildPhase section */
		82EB39D923CB106600B45A0C /* Resources */ = {
			isa = PBXResourcesBuildPhase;
			buildActionMask = 2147483647;
			files = (
				82EB39E923CB106900B45A0C /* LaunchScreen.storyboard in Resources */,
				82EB39E623CB106900B45A0C /* Assets.xcassets in Resources */,
				82EB39E423CB106700B45A0C /* Main.storyboard in Resources */,
			);
			runOnlyForDeploymentPostprocessing = 0;
		};
/* End PBXResourcesBuildPhase section */

/* Begin PBXShellScriptBuildPhase section */
		1A59B26936B3FB296BC2A299 /* [CP] Check Pods Manifest.lock */ = {
			isa = PBXShellScriptBuildPhase;
			buildActionMask = 2147483647;
			files = (
			);
			inputFileListPaths = (
			);
			inputPaths = (
				"${PODS_PODFILE_DIR_PATH}/Podfile.lock",
				"${PODS_ROOT}/Manifest.lock",
			);
			name = "[CP] Check Pods Manifest.lock";
			outputFileListPaths = (
			);
			outputPaths = (
				"$(DERIVED_FILE_DIR)/Pods-BasicCoordTree-checkManifestLockResult.txt",
			);
			runOnlyForDeploymentPostprocessing = 0;
			shellPath = /bin/sh;
			shellScript = "diff \"${PODS_PODFILE_DIR_PATH}/Podfile.lock\" \"${PODS_ROOT}/Manifest.lock\" > /dev/null\nif [ $? != 0 ] ; then\n    # print error to STDERR\n    echo \"error: The sandbox is not in sync with the Podfile.lock. Run 'pod install' or update your CocoaPods installation.\" >&2\n    exit 1\nfi\n# This output is used by Xcode 'outputs' to avoid re-running this script phase.\necho \"SUCCESS\" > \"${SCRIPT_OUTPUT_FILE_0}\"\n";
			showEnvVarsInLog = 0;
		};
/* End PBXShellScriptBuildPhase section */

/* Begin PBXSourcesBuildPhase section */
		82EB39D723CB106600B45A0C /* Sources */ = {
			isa = PBXSourcesBuildPhase;
			buildActionMask = 2147483647;
			files = (
				FA7BD3ED23D0A78400618E79 /* ReusedStuff.swift in Sources */,
				FA7BD3EB23D0A77800618E79 /* StartIsInitCoordinator.swift in Sources */,
				82EB39DF23CB106700B45A0C /* AppDelegate.swift in Sources */,
				82EB39F123CB10AA00B45A0C /* BasicCoordinator.swift in Sources */,
			);
			runOnlyForDeploymentPostprocessing = 0;
		};
/* End PBXSourcesBuildPhase section */

/* Begin PBXVariantGroup section */
		82EB39E223CB106700B45A0C /* Main.storyboard */ = {
			isa = PBXVariantGroup;
			children = (
				82EB39E323CB106700B45A0C /* Base */,
			);
			name = Main.storyboard;
			sourceTree = "<group>";
		};
		82EB39E723CB106900B45A0C /* LaunchScreen.storyboard */ = {
			isa = PBXVariantGroup;
			children = (
				82EB39E823CB106900B45A0C /* Base */,
			);
			name = LaunchScreen.storyboard;
			sourceTree = "<group>";
		};
/* End PBXVariantGroup section */

/* Begin XCBuildConfiguration section */
		82EB39EB23CB106900B45A0C /* Debug */ = {
			isa = XCBuildConfiguration;
			buildSettings = {
				ALWAYS_SEARCH_USER_PATHS = NO;
				CLANG_ANALYZER_NONNULL = YES;
				CLANG_ANALYZER_NUMBER_OBJECT_CONVERSION = YES_AGGRESSIVE;
				CLANG_CXX_LANGUAGE_STANDARD = "gnu++14";
				CLANG_CXX_LIBRARY = "libc++";
				CLANG_ENABLE_MODULES = YES;
				CLANG_ENABLE_OBJC_ARC = YES;
				CLANG_ENABLE_OBJC_WEAK = YES;
				CLANG_WARN_BLOCK_CAPTURE_AUTORELEASING = YES;
				CLANG_WARN_BOOL_CONVERSION = YES;
				CLANG_WARN_COMMA = YES;
				CLANG_WARN_CONSTANT_CONVERSION = YES;
				CLANG_WARN_DEPRECATED_OBJC_IMPLEMENTATIONS = YES;
				CLANG_WARN_DIRECT_OBJC_ISA_USAGE = YES_ERROR;
				CLANG_WARN_DOCUMENTATION_COMMENTS = YES;
				CLANG_WARN_EMPTY_BODY = YES;
				CLANG_WARN_ENUM_CONVERSION = YES;
				CLANG_WARN_INFINITE_RECURSION = YES;
				CLANG_WARN_INT_CONVERSION = YES;
				CLANG_WARN_NON_LITERAL_NULL_CONVERSION = YES;
				CLANG_WARN_OBJC_IMPLICIT_RETAIN_SELF = YES;
				CLANG_WARN_OBJC_LITERAL_CONVERSION = YES;
				CLANG_WARN_OBJC_ROOT_CLASS = YES_ERROR;
				CLANG_WARN_RANGE_LOOP_ANALYSIS = YES;
				CLANG_WARN_STRICT_PROTOTYPES = YES;
				CLANG_WARN_SUSPICIOUS_MOVE = YES;
				CLANG_WARN_UNGUARDED_AVAILABILITY = YES_AGGRESSIVE;
				CLANG_WARN_UNREACHABLE_CODE = YES;
				CLANG_WARN__DUPLICATE_METHOD_MATCH = YES;
				CODE_SIGN_IDENTITY = "iPhone Developer";
				COPY_PHASE_STRIP = NO;
				DEBUG_INFORMATION_FORMAT = dwarf;
				ENABLE_STRICT_OBJC_MSGSEND = YES;
				ENABLE_TESTABILITY = YES;
				GCC_C_LANGUAGE_STANDARD = gnu11;
				GCC_DYNAMIC_NO_PIC = NO;
				GCC_NO_COMMON_BLOCKS = YES;
				GCC_OPTIMIZATION_LEVEL = 0;
				GCC_PREPROCESSOR_DEFINITIONS = (
					"DEBUG=1",
					"$(inherited)",
				);
				GCC_WARN_64_TO_32_BIT_CONVERSION = YES;
				GCC_WARN_ABOUT_RETURN_TYPE = YES_ERROR;
				GCC_WARN_UNDECLARED_SELECTOR = YES;
				GCC_WARN_UNINITIALIZED_AUTOS = YES_AGGRESSIVE;
				GCC_WARN_UNUSED_FUNCTION = YES;
				GCC_WARN_UNUSED_VARIABLE = YES;
				IPHONEOS_DEPLOYMENT_TARGET = 12.1;
				MTL_ENABLE_DEBUG_INFO = INCLUDE_SOURCE;
				MTL_FAST_MATH = YES;
				ONLY_ACTIVE_ARCH = YES;
				SDKROOT = iphoneos;
				SWIFT_ACTIVE_COMPILATION_CONDITIONS = DEBUG;
				SWIFT_OPTIMIZATION_LEVEL = "-Onone";
			};
			name = Debug;
		};
		82EB39EC23CB106900B45A0C /* Release */ = {
			isa = XCBuildConfiguration;
			buildSettings = {
				ALWAYS_SEARCH_USER_PATHS = NO;
				CLANG_ANALYZER_NONNULL = YES;
				CLANG_ANALYZER_NUMBER_OBJECT_CONVERSION = YES_AGGRESSIVE;
				CLANG_CXX_LANGUAGE_STANDARD = "gnu++14";
				CLANG_CXX_LIBRARY = "libc++";
				CLANG_ENABLE_MODULES = YES;
				CLANG_ENABLE_OBJC_ARC = YES;
				CLANG_ENABLE_OBJC_WEAK = YES;
				CLANG_WARN_BLOCK_CAPTURE_AUTORELEASING = YES;
				CLANG_WARN_BOOL_CONVERSION = YES;
				CLANG_WARN_COMMA = YES;
				CLANG_WARN_CONSTANT_CONVERSION = YES;
				CLANG_WARN_DEPRECATED_OBJC_IMPLEMENTATIONS = YES;
				CLANG_WARN_DIRECT_OBJC_ISA_USAGE = YES_ERROR;
				CLANG_WARN_DOCUMENTATION_COMMENTS = YES;
				CLANG_WARN_EMPTY_BODY = YES;
				CLANG_WARN_ENUM_CONVERSION = YES;
				CLANG_WARN_INFINITE_RECURSION = YES;
				CLANG_WARN_INT_CONVERSION = YES;
				CLANG_WARN_NON_LITERAL_NULL_CONVERSION = YES;
				CLANG_WARN_OBJC_IMPLICIT_RETAIN_SELF = YES;
				CLANG_WARN_OBJC_LITERAL_CONVERSION = YES;
				CLANG_WARN_OBJC_ROOT_CLASS = YES_ERROR;
				CLANG_WARN_RANGE_LOOP_ANALYSIS = YES;
				CLANG_WARN_STRICT_PROTOTYPES = YES;
				CLANG_WARN_SUSPICIOUS_MOVE = YES;
				CLANG_WARN_UNGUARDED_AVAILABILITY = YES_AGGRESSIVE;
				CLANG_WARN_UNREACHABLE_CODE = YES;
				CLANG_WARN__DUPLICATE_METHOD_MATCH = YES;
				CODE_SIGN_IDENTITY = "iPhone Developer";
				COPY_PHASE_STRIP = NO;
				DEBUG_INFORMATION_FORMAT = "dwarf-with-dsym";
				ENABLE_NS_ASSERTIONS = NO;
				ENABLE_STRICT_OBJC_MSGSEND = YES;
				GCC_C_LANGUAGE_STANDARD = gnu11;
				GCC_NO_COMMON_BLOCKS = YES;
				GCC_WARN_64_TO_32_BIT_CONVERSION = YES;
				GCC_WARN_ABOUT_RETURN_TYPE = YES_ERROR;
				GCC_WARN_UNDECLARED_SELECTOR = YES;
				GCC_WARN_UNINITIALIZED_AUTOS = YES_AGGRESSIVE;
				GCC_WARN_UNUSED_FUNCTION = YES;
				GCC_WARN_UNUSED_VARIABLE = YES;
				IPHONEOS_DEPLOYMENT_TARGET = 12.1;
				MTL_ENABLE_DEBUG_INFO = NO;
				MTL_FAST_MATH = YES;
				SDKROOT = iphoneos;
				SWIFT_COMPILATION_MODE = wholemodule;
				SWIFT_OPTIMIZATION_LEVEL = "-O";
				VALIDATE_PRODUCT = YES;
			};
			name = Release;
		};
		82EB39EE23CB106900B45A0C /* Debug */ = {
			isa = XCBuildConfiguration;
			baseConfigurationReference = CD2466EF1542B344742028C0 /* Pods-BasicCoordTree.debug.xcconfig */;
			buildSettings = {
				ASSETCATALOG_COMPILER_APPICON_NAME = AppIcon;
				CODE_SIGN_STYLE = Automatic;
				DEVELOPMENT_TEAM = QZRPL4EC5L;
				INFOPLIST_FILE = BasicCoordTree/Info.plist;
				IPHONEOS_DEPLOYMENT_TARGET = 11.0;
				LD_RUNPATH_SEARCH_PATHS = (
					"$(inherited)",
					"@executable_path/Frameworks",
				);
				PRODUCT_BUNDLE_IDENTIFIER = net.caroline.weisberg.BasicCoordTree;
				PRODUCT_NAME = "$(TARGET_NAME)";
				SWIFT_VERSION = 4.2;
				TARGETED_DEVICE_FAMILY = "1,2";
			};
			name = Debug;
		};
		82EB39EF23CB106900B45A0C /* Release */ = {
			isa = XCBuildConfiguration;
			baseConfigurationReference = C26C9B868D6D530C0FDD0C63 /* Pods-BasicCoordTree.release.xcconfig */;
			buildSettings = {
				ASSETCATALOG_COMPILER_APPICON_NAME = AppIcon;
				CODE_SIGN_STYLE = Automatic;
				DEVELOPMENT_TEAM = QZRPL4EC5L;
				INFOPLIST_FILE = BasicCoordTree/Info.plist;
				IPHONEOS_DEPLOYMENT_TARGET = 11.0;
				LD_RUNPATH_SEARCH_PATHS = (
					"$(inherited)",
					"@executable_path/Frameworks",
				);
				PRODUCT_BUNDLE_IDENTIFIER = net.caroline.weisberg.BasicCoordTree;
				PRODUCT_NAME = "$(TARGET_NAME)";
				SWIFT_VERSION = 4.2;
				TARGETED_DEVICE_FAMILY = "1,2";
			};
			name = Release;
		};
/* End XCBuildConfiguration section */

/* Begin XCConfigurationList section */
		82EB39D623CB106600B45A0C /* Build configuration list for PBXProject "BasicCoordTree" */ = {
			isa = XCConfigurationList;
			buildConfigurations = (
				82EB39EB23CB106900B45A0C /* Debug */,
				82EB39EC23CB106900B45A0C /* Release */,
			);
			defaultConfigurationIsVisible = 0;
			defaultConfigurationName = Release;
		};
		82EB39ED23CB106900B45A0C /* Build configuration list for PBXNativeTarget "BasicCoordTree" */ = {
			isa = XCConfigurationList;
			buildConfigurations = (
				82EB39EE23CB106900B45A0C /* Debug */,
				82EB39EF23CB106900B45A0C /* Release */,
			);
			defaultConfigurationIsVisible = 0;
			defaultConfigurationName = Release;
		};
/* End XCConfigurationList section */
	};
	rootObject = 82EB39D323CB106600B45A0C /* Project object */;
}
